
Microsoft Visual Studio Solution File, Format Version 12.00
# Visual Studio Version 17
VisualStudioVersion = 17.7.34024.191
MinimumVisualStudioVersion = 10.0.40219.1
Project("{FAE04EC0-301F-11D3-BF4B-00C04F79EFBC}") = "InlogMoq", "InlogMoq\InlogMoq.csproj", "{C8F2D7C9-1C99-47E6-A12F-CFE060C214B1}"
EndProject
Global
	GlobalSection(SolutionConfigurationPlatforms) = preSolution
		Debug|Any CPU = Debug|Any CPU
		Release|Any CPU = Release|Any CPU
	EndGlobalSection
	GlobalSection(ProjectConfigurationPlatforms) = postSolution
		{C8F2D7C9-1C99-47E6-A12F-CFE060C214B1}.Debug|Any CPU.ActiveCfg = Debug|Any CPU
		{C8F2D7C9-1C99-47E6-A12F-CFE060C214B1}.Debug|Any CPU.Build.0 = Debug|Any CPU
		{C8F2D7C9-1C99-47E6-A12F-CFE060C214B1}.Release|Any CPU.ActiveCfg = Release|Any CPU
		{C8F2D7C9-1C99-47E6-A12F-CFE060C214B1}.Release|Any CPU.Build.0 = Release|Any CPU
	EndGlobalSection
	GlobalSection(SolutionProperties) = preSolution
		HideSolutionNode = FALSE
	EndGlobalSection
	GlobalSection(ExtensibilityGlobals) = postSolution
		SolutionGuid = {94E94649-544B-44E2-B9CB-3435AFD0203A}
	EndGlobalSection
EndGlobal
